
Microsoft Visual Studio Solution File, Format Version 12.00
# Visual Studio Version 17
VisualStudioVersion = 17.6.33815.320
MinimumVisualStudioVersion = 10.0.40219.1
Project("{FAE04EC0-301F-11D3-BF4B-00C04F79EFBC}") = "Data Annotation", "Data Annotation\Data Annotation.csproj", "{D54FA837-C1DE-43F4-8147-EBBB0C9E03B5}"
EndProject
Global
	GlobalSection(SolutionConfigurationPlatforms) = preSolution
		Debug|Any CPU = Debug|Any CPU
		Release|Any CPU = Release|Any CPU
	EndGlobalSection
	GlobalSection(ProjectConfigurationPlatforms) = postSolution
		{D54FA837-C1DE-43F4-8147-EBBB0C9E03B5}.Debug|Any CPU.ActiveCfg = Debug|Any CPU
		{D54FA837-C1DE-43F4-8147-EBBB0C9E03B5}.Debug|Any CPU.Build.0 = Debug|Any CPU
		{D54FA837-C1DE-43F4-8147-EBBB0C9E03B5}.Release|Any CPU.ActiveCfg = Release|Any CPU
		{D54FA837-C1DE-43F4-8147-EBBB0C9E03B5}.Release|Any CPU.Build.0 = Release|Any CPU
	EndGlobalSection
	GlobalSection(SolutionProperties) = preSolution
		HideSolutionNode = FALSE
	EndGlobalSection
	GlobalSection(ExtensibilityGlobals) = postSolution
		SolutionGuid = {C4AC0946-91BD-482A-82C9-FE365A7F9EE9}
	EndGlobalSection
EndGlobal
